
Microsoft Visual Studio Solution File, Format Version 12.00
# Visual Studio Version 17
VisualStudioVersion = 17.14.36518.9
MinimumVisualStudioVersion = 10.0.40219.1
Project("{2150E333-8FDC-42A3-9474-1A3956D46DE8}") = "src", "src", "{02EA681E-C7D8-13C7-8484-4AC65E1B71E8}"
EndProject
Project("{2150E333-8FDC-42A3-9474-1A3956D46DE8}") = "test", "test", "{31C45454-64C2-4509-969D-6D987242005D}"
EndProject
Project("{2150E333-8FDC-42A3-9474-1A3956D46DE8}") = "APIs", "APIs", "{E7871111-2B4A-4360-8934-26C05CBE3AEB}"
EndProject
Project("{2150E333-8FDC-42A3-9474-1A3956D46DE8}") = "Core", "Core", "{A7C67D7F-C8C2-49DF-81D6-A72EA7A3D9B2}"
EndProject
Project("{2150E333-8FDC-42A3-9474-1A3956D46DE8}") = "Infrastrcture", "Infrastrcture", "{CA3ED34C-F020-4159-955E-76AC50DBB0F1}"
EndProject
Project("{2150E333-8FDC-42A3-9474-1A3956D46DE8}") = "UI", "UI", "{C5491B20-D6D2-416C-B0D9-92577070746D}"
EndProject
Project("{2150E333-8FDC-42A3-9474-1A3956D46DE8}") = "Client", "Client", "{85D60717-D5DB-4844-A527-7B76930E994A}"
EndProject
Project("{2150E333-8FDC-42A3-9474-1A3956D46DE8}") = "Dashboard", "Dashboard", "{1A40B1FB-694D-43D2-9A11-42185FC26869}"
EndProject
Project("{FAE04EC0-301F-11D3-BF4B-00C04F79EFBC}") = "LinkDev.Talabat.APIs", "LinkDev.Talabat.APIs\LinkDev.Talabat.APIs.csproj", "{48E2BF35-3933-45E2-9CDB-4114FB1E1426}"
EndProject
Project("{FAE04EC0-301F-11D3-BF4B-00C04F79EFBC}") = "LinkDev.Talabt.APIs.Controllers", "LinkDev.Talabt.APIs.Controllers\LinkDev.Talabt.APIs.Controllers.csproj", "{415E64D8-F16D-4D5A-9CF5-374B2F408A00}"
EndProject
Project("{FAE04EC0-301F-11D3-BF4B-00C04F79EFBC}") = "LinkDev.Talabat.Domain", "LinkDev.Talabat.Domain\LinkDev.Talabat.Domain.csproj", "{EC43949C-4721-4577-9C3E-5DC2645CF99C}"
EndProject
Project("{FAE04EC0-301F-11D3-BF4B-00C04F79EFBC}") = "LinkDev.Talabat.Application", "LinkDev.Talabat.Application\LinkDev.Talabat.Application.csproj", "{78F5A1D3-9EFD-4384-8528-745D7D1D3888}"
EndProject
Project("{FAE04EC0-301F-11D3-BF4B-00C04F79EFBC}") = "LinkDev.Talabat.Application.Abstraction", "LinkDev.Talabat.Application.Abstraction\LinkDev.Talabat.Application.Abstraction.csproj", "{DB92A81A-A272-497E-B3A3-8522EEDAE5A0}"
EndProject
Project("{FAE04EC0-301F-11D3-BF4B-00C04F79EFBC}") = "LinkDev.Talabat.Infrastracture", "LinkDev.Talabat.Infrastracture\LinkDev.Talabat.Infrastracture.csproj", "{6D223B5F-CDBB-4580-8031-1A3128858065}"
EndProject
Project("{FAE04EC0-301F-11D3-BF4B-00C04F79EFBC}") = "LinkDev.Talabat.Infrastracture.Persistence", "LinkDev.Talabat.Infrastracture.Persistence\LinkDev.Talabat.Infrastracture.Persistence.csproj", "{7A26E89D-23D0-480F-BCC2-5901DD535EB4}"
EndProject
Project("{FAE04EC0-301F-11D3-BF4B-00C04F79EFBC}") = "LinkDev.Talabat.Dashboard", "LinkDev.Talabat.Dashboard\LinkDev.Talabat.Dashboard.csproj", "{00EDBB08-80A5-4733-91B6-00602ECDFF76}"
EndProject
Global
	GlobalSection(SolutionConfigurationPlatforms) = preSolution
		Debug|Any CPU = Debug|Any CPU
		Release|Any CPU = Release|Any CPU
	EndGlobalSection
	GlobalSection(ProjectConfigurationPlatforms) = postSolution
		{48E2BF35-3933-45E2-9CDB-4114FB1E1426}.Debug|Any CPU.ActiveCfg = Debug|Any CPU
		{48E2BF35-3933-45E2-9CDB-4114FB1E1426}.Debug|Any CPU.Build.0 = Debug|Any CPU
		{48E2BF35-3933-45E2-9CDB-4114FB1E1426}.Release|Any CPU.ActiveCfg = Release|Any CPU
		{48E2BF35-3933-45E2-9CDB-4114FB1E1426}.Release|Any CPU.Build.0 = Release|Any CPU
		{415E64D8-F16D-4D5A-9CF5-374B2F408A00}.Debug|Any CPU.ActiveCfg = Debug|Any CPU
		{415E64D8-F16D-4D5A-9CF5-374B2F408A00}.Debug|Any CPU.Build.0 = Debug|Any CPU
		{415E64D8-F16D-4D5A-9CF5-374B2F408A00}.Release|Any CPU.ActiveCfg = Release|Any CPU
		{415E64D8-F16D-4D5A-9CF5-374B2F408A00}.Release|Any CPU.Build.0 = Release|Any CPU
		{EC43949C-4721-4577-9C3E-5DC2645CF99C}.Debug|Any CPU.ActiveCfg = Debug|Any CPU
		{EC43949C-4721-4577-9C3E-5DC2645CF99C}.Debug|Any CPU.Build.0 = Debug|Any CPU
		{EC43949C-4721-4577-9C3E-5DC2645CF99C}.Release|Any CPU.ActiveCfg = Release|Any CPU
		{EC43949C-4721-4577-9C3E-5DC2645CF99C}.Release|Any CPU.Build.0 = Release|Any CPU
		{78F5A1D3-9EFD-4384-8528-745D7D1D3888}.Debug|Any CPU.ActiveCfg = Debug|Any CPU
		{78F5A1D3-9EFD-4384-8528-745D7D1D3888}.Debug|Any CPU.Build.0 = Debug|Any CPU
		{78F5A1D3-9EFD-4384-8528-745D7D1D3888}.Release|Any CPU.ActiveCfg = Release|Any CPU
		{78F5A1D3-9EFD-4384-8528-745D7D1D3888}.Release|Any CPU.Build.0 = Release|Any CPU
		{DB92A81A-A272-497E-B3A3-8522EEDAE5A0}.Debug|Any CPU.ActiveCfg = Debug|Any CPU
		{DB92A81A-A272-497E-B3A3-8522EEDAE5A0}.Debug|Any CPU.Build.0 = Debug|Any CPU
		{DB92A81A-A272-497E-B3A3-8522EEDAE5A0}.Release|Any CPU.ActiveCfg = Release|Any CPU
		{DB92A81A-A272-497E-B3A3-8522EEDAE5A0}.Release|Any CPU.Build.0 = Release|Any CPU
		{6D223B5F-CDBB-4580-8031-1A3128858065}.Debug|Any CPU.ActiveCfg = Debug|Any CPU
		{6D223B5F-CDBB-4580-8031-1A3128858065}.Debug|Any CPU.Build.0 = Debug|Any CPU
		{6D223B5F-CDBB-4580-8031-1A3128858065}.Release|Any CPU.ActiveCfg = Release|Any CPU
		{6D223B5F-CDBB-4580-8031-1A3128858065}.Release|Any CPU.Build.0 = Release|Any CPU
		{7A26E89D-23D0-480F-BCC2-5901DD535EB4}.Debug|Any CPU.ActiveCfg = Debug|Any CPU
		{7A26E89D-23D0-480F-BCC2-5901DD535EB4}.Debug|Any CPU.Build.0 = Debug|Any CPU
		{7A26E89D-23D0-480F-BCC2-5901DD535EB4}.Release|Any CPU.ActiveCfg = Release|Any CPU
		{7A26E89D-23D0-480F-BCC2-5901DD535EB4}.Release|Any CPU.Build.0 = Release|Any CPU
		{00EDBB08-80A5-4733-91B6-00602ECDFF76}.Debug|Any CPU.ActiveCfg = Debug|Any CPU
		{00EDBB08-80A5-4733-91B6-00602ECDFF76}.Debug|Any CPU.Build.0 = Debug|Any CPU
		{00EDBB08-80A5-4733-91B6-00602ECDFF76}.Release|Any CPU.ActiveCfg = Release|Any CPU
		{00EDBB08-80A5-4733-91B6-00602ECDFF76}.Release|Any CPU.Build.0 = Release|Any CPU
	EndGlobalSection
	GlobalSection(SolutionProperties) = preSolution
		HideSolutionNode = FALSE
	EndGlobalSection
	GlobalSection(NestedProjects) = preSolution
		{E7871111-2B4A-4360-8934-26C05CBE3AEB} = {02EA681E-C7D8-13C7-8484-4AC65E1B71E8}
		{A7C67D7F-C8C2-49DF-81D6-A72EA7A3D9B2} = {02EA681E-C7D8-13C7-8484-4AC65E1B71E8}
		{CA3ED34C-F020-4159-955E-76AC50DBB0F1} = {02EA681E-C7D8-13C7-8484-4AC65E1B71E8}
		{C5491B20-D6D2-416C-B0D9-92577070746D} = {02EA681E-C7D8-13C7-8484-4AC65E1B71E8}
		{85D60717-D5DB-4844-A527-7B76930E994A} = {C5491B20-D6D2-416C-B0D9-92577070746D}
		{1A40B1FB-694D-43D2-9A11-42185FC26869} = {C5491B20-D6D2-416C-B0D9-92577070746D}
		{48E2BF35-3933-45E2-9CDB-4114FB1E1426} = {E7871111-2B4A-4360-8934-26C05CBE3AEB}
		{415E64D8-F16D-4D5A-9CF5-374B2F408A00} = {E7871111-2B4A-4360-8934-26C05CBE3AEB}
		{EC43949C-4721-4577-9C3E-5DC2645CF99C} = {A7C67D7F-C8C2-49DF-81D6-A72EA7A3D9B2}
		{78F5A1D3-9EFD-4384-8528-745D7D1D3888} = {A7C67D7F-C8C2-49DF-81D6-A72EA7A3D9B2}
		{DB92A81A-A272-497E-B3A3-8522EEDAE5A0} = {A7C67D7F-C8C2-49DF-81D6-A72EA7A3D9B2}
		{6D223B5F-CDBB-4580-8031-1A3128858065} = {CA3ED34C-F020-4159-955E-76AC50DBB0F1}
		{7A26E89D-23D0-480F-BCC2-5901DD535EB4} = {CA3ED34C-F020-4159-955E-76AC50DBB0F1}
		{00EDBB08-80A5-4733-91B6-00602ECDFF76} = {1A40B1FB-694D-43D2-9A11-42185FC26869}
	EndGlobalSection
	GlobalSection(ExtensibilityGlobals) = postSolution
		SolutionGuid = {92261C93-56DC-478B-8B9F-E970A1536696}
	EndGlobalSection
EndGlobal
